
Microsoft Visual Studio Solution File, Format Version 12.00
# Visual Studio 15
VisualStudioVersion = 15.0.27703.2042
MinimumVisualStudioVersion = 10.0.40219.1
Project("{FAE04EC0-301F-11D3-BF4B-00C04F79EFBC}") = "ClassLibrary.Pagination", "ClassLibrary.Pagination\ClassLibrary.Pagination.csproj", "{F3834955-71F7-4183-861F-DC781EBD2745}"
EndProject
Project("{FAE04EC0-301F-11D3-BF4B-00C04F79EFBC}") = "ClassLibrary.AuthentionJWT", "ClassLibrary.AuthentionJWT\ClassLibrary.AuthentionJWT.csproj", "{0158C881-8054-4738-A9A0-38B55BE46D31}"
EndProject
Project("{FAE04EC0-301F-11D3-BF4B-00C04F79EFBC}") = "TestWeb", "TestWeb\TestWeb.csproj", "{3071506B-577E-4A2E-A229-01AADADE6436}"
EndProject
Project("{FAE04EC0-301F-11D3-BF4B-00C04F79EFBC}") = "ClassLibrary.Services", "ClassLibrary.Services\ClassLibrary.Services.csproj", "{33CCCE91-FE9F-46FA-B244-0CF7EA162A98}"
EndProject
Global
	GlobalSection(SolutionConfigurationPlatforms) = preSolution
		Debug|Any CPU = Debug|Any CPU
		Release|Any CPU = Release|Any CPU
	EndGlobalSection
	GlobalSection(ProjectConfigurationPlatforms) = postSolution
		{F3834955-71F7-4183-861F-DC781EBD2745}.Debug|Any CPU.ActiveCfg = Debug|Any CPU
		{F3834955-71F7-4183-861F-DC781EBD2745}.Debug|Any CPU.Build.0 = Debug|Any CPU
		{F3834955-71F7-4183-861F-DC781EBD2745}.Release|Any CPU.ActiveCfg = Release|Any CPU
		{F3834955-71F7-4183-861F-DC781EBD2745}.Release|Any CPU.Build.0 = Release|Any CPU
		{0158C881-8054-4738-A9A0-38B55BE46D31}.Debug|Any CPU.ActiveCfg = Debug|Any CPU
		{0158C881-8054-4738-A9A0-38B55BE46D31}.Debug|Any CPU.Build.0 = Debug|Any CPU
		{0158C881-8054-4738-A9A0-38B55BE46D31}.Release|Any CPU.ActiveCfg = Release|Any CPU
		{0158C881-8054-4738-A9A0-38B55BE46D31}.Release|Any CPU.Build.0 = Release|Any CPU
		{3071506B-577E-4A2E-A229-01AADADE6436}.Debug|Any CPU.ActiveCfg = Debug|Any CPU
		{3071506B-577E-4A2E-A229-01AADADE6436}.Debug|Any CPU.Build.0 = Debug|Any CPU
		{3071506B-577E-4A2E-A229-01AADADE6436}.Release|Any CPU.ActiveCfg = Release|Any CPU
		{3071506B-577E-4A2E-A229-01AADADE6436}.Release|Any CPU.Build.0 = Release|Any CPU
		{33CCCE91-FE9F-46FA-B244-0CF7EA162A98}.Debug|Any CPU.ActiveCfg = Debug|Any CPU
		{33CCCE91-FE9F-46FA-B244-0CF7EA162A98}.Debug|Any CPU.Build.0 = Debug|Any CPU
		{33CCCE91-FE9F-46FA-B244-0CF7EA162A98}.Release|Any CPU.ActiveCfg = Release|Any CPU
		{33CCCE91-FE9F-46FA-B244-0CF7EA162A98}.Release|Any CPU.Build.0 = Release|Any CPU
	EndGlobalSection
	GlobalSection(SolutionProperties) = preSolution
		HideSolutionNode = FALSE
	EndGlobalSection
	GlobalSection(ExtensibilityGlobals) = postSolution
		SolutionGuid = {BDE67A09-EB65-49BF-8D79-C1C374C1B7F6}
	EndGlobalSection
EndGlobal
